PODS:
  - Alamofire (4.7.3)
  - CryptoSwift (0.10.0)
  - FoxOneOpenSDK (0.0.1):
    - Alamofire (~> 4.7)
    - CryptoSwift
    - SwiftyJSON (~> 4.0)
    - SwiftyRSA
  - SwiftyJSON (4.1.0)
  - SwiftyRSA (1.4.0):
    - SwiftyRSA/ObjC (= 1.4.0)
  - SwiftyRSA/ObjC (1.4.0)

DEPENDENCIES:
  - Alamofire
  - CryptoSwift
  - FoxOneOpenSDK (from `../`)
  - SwiftyJSON
  - SwiftyRSA

SPEC REPOS:
  https://github.com/cocoapods/specs.git:
    - Alamofire
    - CryptoSwift
    - SwiftyJSON
    - SwiftyRSA

EXTERNAL SOURCES:
  FoxOneOpenSDK:
    :path: "../"

SPEC CHECKSUMS:
  Alamofire: c7287b6e5d7da964a70935e5db17046b7fde6568
  CryptoSwift: 6c778d69282bed3b4e975ff97a79d074f20bb011
  FoxOneOpenSDK: 401d59f50774f8b3405279b26a69c515027bcfbd
  SwiftyJSON: c29297daf073d2aa016295d5809cdd68045c39b3
  SwiftyRSA: 601e4585fece2c6c50ae93a67c77cc2426e55cb2

PODFILE CHECKSUM: 1b3b201a01c55453e9a3a587415944bb0d541ad7

COCOAPODS: 1.5.3
